
Microsoft Visual Studio Solution File, Format Version 12.00
# Visual Studio Version 16
VisualStudioVersion = 16.0.29519.181
MinimumVisualStudioVersion = 10.0.40219.1
Project("{FAE04EC0-301F-11D3-BF4B-00C04F79EFBC}") = "SportsPro", "SportsPro\SportsPro.csproj", "{7505F5EC-A332-4EF7-B816-A58E38A32387}"
EndProject
Global
	GlobalSection(SolutionConfigurationPlatforms) = preSolution
		Debug|Any CPU = Debug|Any CPU
		Release|Any CPU = Release|Any CPU
	EndGlobalSection
	GlobalSection(ProjectConfigurationPlatforms) = postSolution
		{7505F5EC-A332-4EF7-B816-A58E38A32387}.Debug|Any CPU.ActiveCfg = Debug|Any CPU
		{7505F5EC-A332-4EF7-B816-A58E38A32387}.Debug|Any CPU.Build.0 = Debug|Any CPU
		{7505F5EC-A332-4EF7-B816-A58E38A32387}.Release|Any CPU.ActiveCfg = Release|Any CPU
		{7505F5EC-A332-4EF7-B816-A58E38A32387}.Release|Any CPU.Build.0 = Release|Any CPU
	EndGlobalSection
	GlobalSection(SolutionProperties) = preSolution
		HideSolutionNode = FALSE
	EndGlobalSection
	GlobalSection(ExtensibilityGlobals) = postSolution
		SolutionGuid = {091A8A02-3F15-4BDE-9720-F104CF02D631}
	EndGlobalSection
EndGlobal
